<?xml version="1.0" encoding="utf-8"?>
<Project ToolsVersion="4.0" xmlns="http://schemas.microsoft.com/developer/msbuild/2003">
  <ItemGroup>
    <Filter Include="Engine">
      <UniqueIdentifier>{DBC7D3B0-C769-FE86-B024-12DB9C6585D7}</UniqueIdentifier>
    </Filter>
    <Filter Include="Engine\Events">
      <UniqueIdentifier>{5FAFB439-CB6F-3070-94AA-79ED002A754C}</UniqueIdentifier>
    </Filter>
    <Filter Include="Engine\Imgui">
      <UniqueIdentifier>{65FD6795-5160-F739-FAE5-2FF0E627C3BC}</UniqueIdentifier>
    </Filter>
    <Filter Include="Engine\Renderer">
      <UniqueIdentifier>{E1119970-4D9D-0635-56AE-8929C2B86235}</UniqueIdentifier>
    </Filter>
    <Filter Include="Platform">
      <UniqueIdentifier>{2AC788B4-1694-E3BF-3FAD-D1672BD9184E}</UniqueIdentifier>
    </Filter>
    <Filter Include="Platform\OpenGL">
      <UniqueIdentifier>{1E7D2C1D-8A08-9AE1-9319-1DD6FF23F6E1}</UniqueIdentifier>
    </Filter>
    <Filter Include="Platform\Windows">
      <UniqueIdentifier>{64FBD71A-50F4-F66C-7926-DCF1657ED678}</UniqueIdentifier>
    </Filter>
  </ItemGroup>
  <ItemGroup>
    <ClInclude Include="src\Engine.h" />
    <ClInclude Include="src\Engine\Application.h">
      <Filter>Engine</Filter>
    </ClInclude>
    <ClInclude Include="src\Engine\Core.h">
      <Filter>Engine</Filter>
    </ClInclude>
    <ClInclude Include="src\Engine\EntryPoint.h">
      <Filter>Engine</Filter>
    </ClInclude>
    <ClInclude Include="src\Engine\Events\ApplicationEvent.h">
      <Filter>Engine\Events</Filter>
    </ClInclude>
    <ClInclude Include="src\Engine\Events\Event.h">
      <Filter>Engine\Events</Filter>
    </ClInclude>
    <ClInclude Include="src\Engine\Events\KeyEvent.h">
      <Filter>Engine\Events</Filter>
    </ClInclude>
    <ClInclude Include="src\Engine\Events\MouseEvent.h">
      <Filter>Engine\Events</Filter>
    </ClInclude>
    <ClInclude Include="src\Engine\Imgui\ImGuiLayer.h">
      <Filter>Engine\Imgui</Filter>
    </ClInclude>
    <ClInclude Include="src\Engine\Input.h">
      <Filter>Engine</Filter>
    </ClInclude>
    <ClInclude Include="src\Engine\KeyCodes.h">
      <Filter>Engine</Filter>
    </ClInclude>
    <ClInclude Include="src\Engine\Layer.h">
      <Filter>Engine</Filter>
    </ClInclude>
    <ClInclude Include="src\Engine\LayerStack.h">
      <Filter>Engine</Filter>
    </ClInclude>
    <ClInclude Include="src\Engine\Log.h">
      <Filter>Engine</Filter>
    </ClInclude>
    <ClInclude Include="src\Engine\MouseButtonCodes.h">
      <Filter>Engine</Filter>
    </ClInclude>
    <ClInclude Include="src\Engine\Renderer\Buffer.h">
      <Filter>Engine\Renderer</Filter>
    </ClInclude>
    <ClInclude Include="src\Engine\Renderer\RenderingContext.h">
      <Filter>Engine\Renderer</Filter>
    </ClInclude>
    <ClInclude Include="src\Engine\Renderer\Shader.h">
      <Filter>Engine\Renderer</Filter>
    </ClInclude>
    <ClInclude Include="src\Engine\Window.h">
      <Filter>Engine</Filter>
    </ClInclude>
    <ClInclude Include="src\EnginePCH.h" />
    <ClInclude Include="src\Platform\OpenGL\OpenGLContext.h">
      <Filter>Platform\OpenGL</Filter>
    </ClInclude>
    <ClInclude Include="src\Platform\Windows\WindowsInput.h">
      <Filter>Platform\Windows</Filter>
    </ClInclude>
    <ClInclude Include="src\Platform\Windows\WindowsWindow.h">
      <Filter>Platform\Windows</Filter>
    </ClInclude>
    <ClInclude Include="src\Platform\OpenGL\OpenGLBuffer.h" />
    <ClInclude Include="src\Engine\Renderer\Renderer.h" />
    <ClInclude Include="src\Engine\Renderer\VertexArray.h" />
    <ClInclude Include="src\Platform\OpenGL\OpenGLVertexArray.h" />
    <ClInclude Include="src\Engine\Renderer\RendererAPI.h" />
    <ClInclude Include="src\Engine\Renderer\RenderCommand.h" />
    <ClInclude Include="src\Platform\OpenGL\OpenGLRendererAPI.h" />
  </ItemGroup>
  <ItemGroup>
    <ClCompile Include="src\Engine\Application.cpp">
      <Filter>Engine</Filter>
    </ClCompile>
    <ClCompile Include="src\Engine\Imgui\ImGuiBuild.cpp">
      <Filter>Engine\Imgui</Filter>
    </ClCompile>
    <ClCompile Include="src\Engine\Imgui\ImGuiLayer.cpp">
      <Filter>Engine\Imgui</Filter>
    </ClCompile>
    <ClCompile Include="src\Engine\Layer.cpp">
      <Filter>Engine</Filter>
    </ClCompile>
    <ClCompile Include="src\Engine\LayerStack.cpp">
      <Filter>Engine</Filter>
    </ClCompile>
    <ClCompile Include="src\Engine\Log.cpp">
      <Filter>Engine</Filter>
    </ClCompile>
    <ClCompile Include="src\Engine\Renderer\Buffer.cpp">
      <Filter>Engine\Renderer</Filter>
    </ClCompile>
    <ClCompile Include="src\Engine\Renderer\Shader.cpp">
      <Filter>Engine\Renderer</Filter>
    </ClCompile>
    <ClCompile Include="src\EnginePCH.cpp" />
    <ClCompile Include="src\Platform\OpenGL\OpenGLContext.cpp">
      <Filter>Platform\OpenGL</Filter>
    </ClCompile>
    <ClCompile Include="src\Platform\Windows\WindowsInput.cpp">
      <Filter>Platform\Windows</Filter>
    </ClCompile>
    <ClCompile Include="src\Platform\Windows\WindowsWindow.cpp">
      <Filter>Platform\Windows</Filter>
    </ClCompile>
    <ClCompile Include="src\Platform\OpenGL\OpenGLBuffer.cpp" />
    <ClCompile Include="src\Engine\Renderer\Renderer.cpp" />
    <ClCompile Include="src\Engine\Renderer\VertexArray.cpp" />
    <ClCompile Include="src\Platform\OpenGL\OpenGLVertexArray.cpp" />
    <ClCompile Include="src\Engine\Renderer\RendererAPI.cpp" />
    <ClCompile Include="src\Engine\Renderer\RenderCommand.cpp" />
    <ClCompile Include="src\Platform\OpenGL\OpenGLRendererAPI.cpp" />
  </ItemGroup>
</Project>